
Microsoft Visual Studio Solution File, Format Version 12.00
# Visual Studio Version 17
VisualStudioVersion = 17.3.32811.315
MinimumVisualStudioVersion = 10.0.40219.1
Project("{FAE04EC0-301F-11D3-BF4B-00C04F79EFBC}") = "BuildTargets", "private\BuildTargets\BuildTargets.csproj", "{9A0A9BCC-B377-448E-80F6-87016E056992}"
EndProject
Project("{9A19103F-16F7-4668-BE54-9A1E7A4F7556}") = "Terminaux", "public\Terminaux\Terminaux.csproj", "{10697319-2F9F-4A93-BA6D-8A60DA2DF2DA}"
EndProject
Project("{9A19103F-16F7-4668-BE54-9A1E7A4F7556}") = "Terminaux.Console", "private\Terminaux.Console\Terminaux.Console.csproj", "{50FD1BF6-E278-4341-BAE6-32C1F95F4673}"
EndProject
Project("{9A19103F-16F7-4668-BE54-9A1E7A4F7556}") = "Terminaux.Tests", "private\Terminaux.Tests\Terminaux.Tests.csproj", "{23C5263C-ACEF-4135-B684-9C38279B88AD}"
EndProject
Project("{9A19103F-16F7-4668-BE54-9A1E7A4F7556}") = "Terminaux.ColorDataGen", "private\Terminaux.ColorDataGen\Terminaux.ColorDataGen.csproj", "{1E259649-5E89-4F1D-A01F-0DD360CB1C5F}"
EndProject
Project("{9A19103F-16F7-4668-BE54-9A1E7A4F7556}") = "Terminaux.SequenceTypesGen", "private\Terminaux.SequenceTypesGen\Terminaux.SequenceTypesGen.csproj", "{2FAC1DBF-C01E-433E-AE56-D291D821C711}"
EndProject
Project("{9A19103F-16F7-4668-BE54-9A1E7A4F7556}") = "Terminaux.TermInfoGen", "private\Terminaux.TermInfoGen\Terminaux.TermInfoGen.csproj", "{8DBE98A3-1E8E-4B97-B3A6-2C66D7CEBA05}"
EndProject
Project("{2150E333-8FDC-42A3-9474-1A3956D46DE8}") = "Private", "Private", "{874FF28F-7521-4B89-AE93-1D0BC6E7EAB1}"
EndProject
Project("{2150E333-8FDC-42A3-9474-1A3956D46DE8}") = "Public", "Public", "{43460793-9477-46C4-A7BD-5A647D2210ED}"
EndProject
Project("{2150E333-8FDC-42A3-9474-1A3956D46DE8}") = "Extras", "Extras", "{4EF3C357-D122-4787-96AC-C581AF0FCA6A}"
EndProject
Project("{2150E333-8FDC-42A3-9474-1A3956D46DE8}") = "Tests", "Tests", "{C6ABD1F9-AA3F-418B-B976-6AF93D453921}"
EndProject
Project("{2150E333-8FDC-42A3-9474-1A3956D46DE8}") = "Generators", "Generators", "{95ACDB5C-1392-4262-9756-55715D61BF2A}"
EndProject
Project("{9A19103F-16F7-4668-BE54-9A1E7A4F7556}") = "Terminaux.Images", "public\Terminaux.Images\Terminaux.Images.csproj", "{4F83E9A9-4F19-49F8-8FA9-285FB3B9A7B4}"
EndProject
Project("{9A19103F-16F7-4668-BE54-9A1E7A4F7556}") = "Terminaux.NerdFontGen", "private\Terminaux.NerdFontGen\Terminaux.NerdFontGen.csproj", "{1690D007-56AF-4CC9-B98B-78CB953D795A}"
EndProject
Project("{2150E333-8FDC-42A3-9474-1A3956D46DE8}") = "Assets", "Assets", "{C96DC39F-7F25-4BD2-B596-AC1F9046B21F}"
	ProjectSection(SolutionItems) = preProject
		CHANGES = CHANGES
		CHANGES.TITLE = CHANGES.TITLE
		Directory.Build.props = Directory.Build.props
	EndProjectSection
EndProject
Project("{FAE04EC0-301F-11D3-BF4B-00C04F79EFBC}") = "Terminaux.Images.Icons", "public\Terminaux.Images.Icons\Terminaux.Images.Icons.csproj", "{0F164B28-7356-4E69-97E3-DFE93B5430BC}"
EndProject
Project("{FAE04EC0-301F-11D3-BF4B-00C04F79EFBC}") = "Terminaux.Spectre", "public\Terminaux.Spectre\Terminaux.Spectre.csproj", "{1BE234C9-73B0-491C-AF82-B8C4BB00B53D}"
EndProject
Project("{D954291E-2A0B-460D-934E-DC6B0785DB48}") = "Terminaux.Tests.Shared", "private\Terminaux.Tests.Shared\Terminaux.Tests.Shared.shproj", "{8D13659F-92B6-4559-B8B1-A9766ABEC46C}"
EndProject
Global
	GlobalSection(SolutionConfigurationPlatforms) = preSolution
		Debug|Any CPU = Debug|Any CPU
		Release|Any CPU = Release|Any CPU
	EndGlobalSection
	GlobalSection(ProjectConfigurationPlatforms) = postSolution
		{9A0A9BCC-B377-448E-80F6-87016E056992}.Debug|Any CPU.ActiveCfg = Debug|Any CPU
		{9A0A9BCC-B377-448E-80F6-87016E056992}.Debug|Any CPU.Build.0 = Debug|Any CPU
		{9A0A9BCC-B377-448E-80F6-87016E056992}.Release|Any CPU.ActiveCfg = Release|Any CPU
		{9A0A9BCC-B377-448E-80F6-87016E056992}.Release|Any CPU.Build.0 = Release|Any CPU
		{10697319-2F9F-4A93-BA6D-8A60DA2DF2DA}.Debug|Any CPU.ActiveCfg = Debug|Any CPU
		{10697319-2F9F-4A93-BA6D-8A60DA2DF2DA}.Debug|Any CPU.Build.0 = Debug|Any CPU
		{10697319-2F9F-4A93-BA6D-8A60DA2DF2DA}.Release|Any CPU.ActiveCfg = Release|Any CPU
		{10697319-2F9F-4A93-BA6D-8A60DA2DF2DA}.Release|Any CPU.Build.0 = Release|Any CPU
		{50FD1BF6-E278-4341-BAE6-32C1F95F4673}.Debug|Any CPU.ActiveCfg = Debug|Any CPU
		{50FD1BF6-E278-4341-BAE6-32C1F95F4673}.Debug|Any CPU.Build.0 = Debug|Any CPU
		{50FD1BF6-E278-4341-BAE6-32C1F95F4673}.Release|Any CPU.ActiveCfg = Release|Any CPU
		{50FD1BF6-E278-4341-BAE6-32C1F95F4673}.Release|Any CPU.Build.0 = Release|Any CPU
		{23C5263C-ACEF-4135-B684-9C38279B88AD}.Debug|Any CPU.ActiveCfg = Debug|Any CPU
		{23C5263C-ACEF-4135-B684-9C38279B88AD}.Debug|Any CPU.Build.0 = Debug|Any CPU
		{23C5263C-ACEF-4135-B684-9C38279B88AD}.Release|Any CPU.ActiveCfg = Release|Any CPU
		{23C5263C-ACEF-4135-B684-9C38279B88AD}.Release|Any CPU.Build.0 = Release|Any CPU
		{1E259649-5E89-4F1D-A01F-0DD360CB1C5F}.Debug|Any CPU.ActiveCfg = Debug|Any CPU
		{1E259649-5E89-4F1D-A01F-0DD360CB1C5F}.Debug|Any CPU.Build.0 = Debug|Any CPU
		{1E259649-5E89-4F1D-A01F-0DD360CB1C5F}.Release|Any CPU.ActiveCfg = Release|Any CPU
		{1E259649-5E89-4F1D-A01F-0DD360CB1C5F}.Release|Any CPU.Build.0 = Release|Any CPU
		{2FAC1DBF-C01E-433E-AE56-D291D821C711}.Debug|Any CPU.ActiveCfg = Debug|Any CPU
		{2FAC1DBF-C01E-433E-AE56-D291D821C711}.Debug|Any CPU.Build.0 = Debug|Any CPU
		{2FAC1DBF-C01E-433E-AE56-D291D821C711}.Release|Any CPU.ActiveCfg = Release|Any CPU
		{2FAC1DBF-C01E-433E-AE56-D291D821C711}.Release|Any CPU.Build.0 = Release|Any CPU
		{8DBE98A3-1E8E-4B97-B3A6-2C66D7CEBA05}.Debug|Any CPU.ActiveCfg = Debug|Any CPU
		{8DBE98A3-1E8E-4B97-B3A6-2C66D7CEBA05}.Debug|Any CPU.Build.0 = Debug|Any CPU
		{8DBE98A3-1E8E-4B97-B3A6-2C66D7CEBA05}.Release|Any CPU.ActiveCfg = Release|Any CPU
		{8DBE98A3-1E8E-4B97-B3A6-2C66D7CEBA05}.Release|Any CPU.Build.0 = Release|Any CPU
		{4F83E9A9-4F19-49F8-8FA9-285FB3B9A7B4}.Debug|Any CPU.ActiveCfg = Debug|Any CPU
		{4F83E9A9-4F19-49F8-8FA9-285FB3B9A7B4}.Debug|Any CPU.Build.0 = Debug|Any CPU
		{4F83E9A9-4F19-49F8-8FA9-285FB3B9A7B4}.Release|Any CPU.ActiveCfg = Release|Any CPU
		{4F83E9A9-4F19-49F8-8FA9-285FB3B9A7B4}.Release|Any CPU.Build.0 = Release|Any CPU
		{1690D007-56AF-4CC9-B98B-78CB953D795A}.Debug|Any CPU.ActiveCfg = Debug|Any CPU
		{1690D007-56AF-4CC9-B98B-78CB953D795A}.Debug|Any CPU.Build.0 = Debug|Any CPU
		{1690D007-56AF-4CC9-B98B-78CB953D795A}.Release|Any CPU.ActiveCfg = Release|Any CPU
		{1690D007-56AF-4CC9-B98B-78CB953D795A}.Release|Any CPU.Build.0 = Release|Any CPU
		{0F164B28-7356-4E69-97E3-DFE93B5430BC}.Debug|Any CPU.ActiveCfg = Debug|Any CPU
		{0F164B28-7356-4E69-97E3-DFE93B5430BC}.Debug|Any CPU.Build.0 = Debug|Any CPU
		{0F164B28-7356-4E69-97E3-DFE93B5430BC}.Release|Any CPU.ActiveCfg = Release|Any CPU
		{0F164B28-7356-4E69-97E3-DFE93B5430BC}.Release|Any CPU.Build.0 = Release|Any CPU
		{1BE234C9-73B0-491C-AF82-B8C4BB00B53D}.Debug|Any CPU.ActiveCfg = Debug|Any CPU
		{1BE234C9-73B0-491C-AF82-B8C4BB00B53D}.Debug|Any CPU.Build.0 = Debug|Any CPU
		{1BE234C9-73B0-491C-AF82-B8C4BB00B53D}.Release|Any CPU.ActiveCfg = Release|Any CPU
		{1BE234C9-73B0-491C-AF82-B8C4BB00B53D}.Release|Any CPU.Build.0 = Release|Any CPU
	EndGlobalSection
	GlobalSection(SolutionProperties) = preSolution
		HideSolutionNode = FALSE
	EndGlobalSection
	GlobalSection(NestedProjects) = preSolution
		{9A0A9BCC-B377-448E-80F6-87016E056992} = {874FF28F-7521-4B89-AE93-1D0BC6E7EAB1}
		{10697319-2F9F-4A93-BA6D-8A60DA2DF2DA} = {43460793-9477-46C4-A7BD-5A647D2210ED}
		{50FD1BF6-E278-4341-BAE6-32C1F95F4673} = {C6ABD1F9-AA3F-418B-B976-6AF93D453921}
		{23C5263C-ACEF-4135-B684-9C38279B88AD} = {C6ABD1F9-AA3F-418B-B976-6AF93D453921}
		{1E259649-5E89-4F1D-A01F-0DD360CB1C5F} = {95ACDB5C-1392-4262-9756-55715D61BF2A}
		{2FAC1DBF-C01E-433E-AE56-D291D821C711} = {95ACDB5C-1392-4262-9756-55715D61BF2A}
		{8DBE98A3-1E8E-4B97-B3A6-2C66D7CEBA05} = {95ACDB5C-1392-4262-9756-55715D61BF2A}
		{4EF3C357-D122-4787-96AC-C581AF0FCA6A} = {43460793-9477-46C4-A7BD-5A647D2210ED}
		{C6ABD1F9-AA3F-418B-B976-6AF93D453921} = {874FF28F-7521-4B89-AE93-1D0BC6E7EAB1}
		{95ACDB5C-1392-4262-9756-55715D61BF2A} = {874FF28F-7521-4B89-AE93-1D0BC6E7EAB1}
		{4F83E9A9-4F19-49F8-8FA9-285FB3B9A7B4} = {4EF3C357-D122-4787-96AC-C581AF0FCA6A}
		{1690D007-56AF-4CC9-B98B-78CB953D795A} = {95ACDB5C-1392-4262-9756-55715D61BF2A}
		{0F164B28-7356-4E69-97E3-DFE93B5430BC} = {4EF3C357-D122-4787-96AC-C581AF0FCA6A}
		{1BE234C9-73B0-491C-AF82-B8C4BB00B53D} = {4EF3C357-D122-4787-96AC-C581AF0FCA6A}
		{8D13659F-92B6-4559-B8B1-A9766ABEC46C} = {874FF28F-7521-4B89-AE93-1D0BC6E7EAB1}
	EndGlobalSection
	GlobalSection(ExtensibilityGlobals) = postSolution
		SolutionGuid = {B37391FF-0173-461C-9E91-F9A1C920ECE8}
	EndGlobalSection
	GlobalSection(SharedMSBuildProjectFiles) = preSolution
		private\Terminaux.Tests.Shared\Terminaux.Tests.Shared.projitems*{23c5263c-acef-4135-b684-9c38279b88ad}*SharedItemsImports = 5
		private\Terminaux.Tests.Shared\Terminaux.Tests.Shared.projitems*{50fd1bf6-e278-4341-bae6-32c1f95f4673}*SharedItemsImports = 5
		private\Terminaux.Tests.Shared\Terminaux.Tests.Shared.projitems*{8d13659f-92b6-4559-b8b1-a9766abec46c}*SharedItemsImports = 13
	EndGlobalSection
EndGlobal
