
Microsoft Visual Studio Solution File, Format Version 12.00
# Visual Studio Version 17
VisualStudioVersion = 17.3.32811.315
MinimumVisualStudioVersion = 10.0.40219.1
Project("{9A19103F-16F7-4668-BE54-9A1E7A4F7556}") = "Terminaux", "Terminaux\Terminaux.csproj", "{10697319-2F9F-4A93-BA6D-8A60DA2DF2DA}"
EndProject
Project("{9A19103F-16F7-4668-BE54-9A1E7A4F7556}") = "Terminaux.ConsoleDemo", "Terminaux.Console\Terminaux.ConsoleDemo.csproj", "{50FD1BF6-E278-4341-BAE6-32C1F95F4673}"
EndProject
Project("{9A19103F-16F7-4668-BE54-9A1E7A4F7556}") = "Terminaux.Tests", "Terminaux.Tests\Terminaux.Tests.csproj", "{23C5263C-ACEF-4135-B684-9C38279B88AD}"
EndProject
Project("{9A19103F-16F7-4668-BE54-9A1E7A4F7556}") = "Terminaux.ResizeListener", "Terminaux.ResizeListener\Terminaux.ResizeListener.csproj", "{B3D948F4-DEF1-474E-BB78-EF77FB0923AF}"
EndProject
Global
	GlobalSection(SolutionConfigurationPlatforms) = preSolution
		Debug|Any CPU = Debug|Any CPU
		Release|Any CPU = Release|Any CPU
	EndGlobalSection
	GlobalSection(ProjectConfigurationPlatforms) = postSolution
		{10697319-2F9F-4A93-BA6D-8A60DA2DF2DA}.Debug|Any CPU.ActiveCfg = Debug|Any CPU
		{10697319-2F9F-4A93-BA6D-8A60DA2DF2DA}.Debug|Any CPU.Build.0 = Debug|Any CPU
		{10697319-2F9F-4A93-BA6D-8A60DA2DF2DA}.Release|Any CPU.ActiveCfg = Release|Any CPU
		{10697319-2F9F-4A93-BA6D-8A60DA2DF2DA}.Release|Any CPU.Build.0 = Release|Any CPU
		{50FD1BF6-E278-4341-BAE6-32C1F95F4673}.Debug|Any CPU.ActiveCfg = Debug|Any CPU
		{50FD1BF6-E278-4341-BAE6-32C1F95F4673}.Debug|Any CPU.Build.0 = Debug|Any CPU
		{50FD1BF6-E278-4341-BAE6-32C1F95F4673}.Release|Any CPU.ActiveCfg = Release|Any CPU
		{50FD1BF6-E278-4341-BAE6-32C1F95F4673}.Release|Any CPU.Build.0 = Release|Any CPU
		{23C5263C-ACEF-4135-B684-9C38279B88AD}.Debug|Any CPU.ActiveCfg = Debug|Any CPU
		{23C5263C-ACEF-4135-B684-9C38279B88AD}.Debug|Any CPU.Build.0 = Debug|Any CPU
		{23C5263C-ACEF-4135-B684-9C38279B88AD}.Release|Any CPU.ActiveCfg = Release|Any CPU
		{23C5263C-ACEF-4135-B684-9C38279B88AD}.Release|Any CPU.Build.0 = Release|Any CPU
		{B3D948F4-DEF1-474E-BB78-EF77FB0923AF}.Debug|Any CPU.ActiveCfg = Debug|Any CPU
		{B3D948F4-DEF1-474E-BB78-EF77FB0923AF}.Debug|Any CPU.Build.0 = Debug|Any CPU
		{B3D948F4-DEF1-474E-BB78-EF77FB0923AF}.Release|Any CPU.ActiveCfg = Release|Any CPU
		{B3D948F4-DEF1-474E-BB78-EF77FB0923AF}.Release|Any CPU.Build.0 = Release|Any CPU
	EndGlobalSection
	GlobalSection(SolutionProperties) = preSolution
		HideSolutionNode = FALSE
	EndGlobalSection
	GlobalSection(ExtensibilityGlobals) = postSolution
		SolutionGuid = {B37391FF-0173-461C-9E91-F9A1C920ECE8}
	EndGlobalSection
EndGlobal
